// !$*UTF8*$!
{
	archiveVersion = 1;
	classes = {
	};
	objectVersion = 55;
	objects = {

/* Begin PBXBuildFile section */
		451B1383A7B4CA04E764A2CE /* Pods_UrlSessionPlaying.framework in Frameworks */ = {isa = PBXBuildFile; fileRef = EF47569F171C4D3F08960A03 /* Pods_UrlSessionPlaying.framework */; };
		9244E2F6287C32E8000C539E /* AppDelegate.swift in Sources */ = {isa = PBXBuildFile; fileRef = 9244E2F5287C32E8000C539E /* AppDelegate.swift */; };
		9244E2F8287C32E8000C539E /* SceneDelegate.swift in Sources */ = {isa = PBXBuildFile; fileRef = 9244E2F7287C32E8000C539E /* SceneDelegate.swift */; };
		9244E2FA287C32E8000C539E /* ViewController.swift in Sources */ = {isa = PBXBuildFile; fileRef = 9244E2F9287C32E8000C539E /* ViewController.swift */; };
		9244E2FD287C32E8000C539E /* Main.storyboard in Resources */ = {isa = PBXBuildFile; fileRef = 9244E2FB287C32E8000C539E /* Main.storyboard */; };
		9244E2FF287C32EA000C539E /* Assets.xcassets in Resources */ = {isa = PBXBuildFile; fileRef = 9244E2FE287C32EA000C539E /* Assets.xcassets */; };
		9244E302287C32EA000C539E /* LaunchScreen.storyboard in Resources */ = {isa = PBXBuildFile; fileRef = 9244E300287C32EA000C539E /* LaunchScreen.storyboard */; };
		9254D6F228831DEE00C625D8 /* WayOne.swift in Sources */ = {isa = PBXBuildFile; fileRef = 9254D6F128831DEE00C625D8 /* WayOne.swift */; };
/* End PBXBuildFile section */

/* Begin PBXFileReference section */
		2BF66744D8FB743222FB3E45 /* Pods-UrlSessionPlaying.debug.xcconfig */ = {isa = PBXFileReference; includeInIndex = 1; lastKnownFileType = text.xcconfig; name = "Pods-UrlSessionPlaying.debug.xcconfig"; path = "Target Support Files/Pods-UrlSessionPlaying/Pods-UrlSessionPlaying.debug.xcconfig"; sourceTree = "<group>"; };
		9244E2F2287C32E8000C539E /* UrlSessionPlaying.app */ = {isa = PBXFileReference; explicitFileType = wrapper.application; includeInIndex = 0; path = UrlSessionPlaying.app; sourceTree = BUILT_PRODUCTS_DIR; };
		9244E2F5287C32E8000C539E /* AppDelegate.swift */ = {isa = PBXFileReference; lastKnownFileType = sourcecode.swift; path = AppDelegate.swift; sourceTree = "<group>"; };
		9244E2F7287C32E8000C539E /* SceneDelegate.swift */ = {isa = PBXFileReference; lastKnownFileType = sourcecode.swift; path = SceneDelegate.swift; sourceTree = "<group>"; };
		9244E2F9287C32E8000C539E /* ViewController.swift */ = {isa = PBXFileReference; lastKnownFileType = sourcecode.swift; path = ViewController.swift; sourceTree = "<group>"; };
		9244E2FC287C32E8000C539E /* Base */ = {isa = PBXFileReference; lastKnownFileType = file.storyboard; name = Base; path = Base.lproj/Main.storyboard; sourceTree = "<group>"; };
		9244E2FE287C32EA000C539E /* Assets.xcassets */ = {isa = PBXFileReference; lastKnownFileType = folder.assetcatalog; path = Assets.xcassets; sourceTree = "<group>"; };
		9244E301287C32EA000C539E /* Base */ = {isa = PBXFileReference; lastKnownFileType = file.storyboard; name = Base; path = Base.lproj/LaunchScreen.storyboard; sourceTree = "<group>"; };
		9244E303287C32EA000C539E /* Info.plist */ = {isa = PBXFileReference; lastKnownFileType = text.plist.xml; path = Info.plist; sourceTree = "<group>"; };
		9254D6F128831DEE00C625D8 /* WayOne.swift */ = {isa = PBXFileReference; lastKnownFileType = sourcecode.swift; path = WayOne.swift; sourceTree = "<group>"; };
		E54105B9073460ED8FBDD8F9 /* Pods-UrlSessionPlaying.release.xcconfig */ = {isa = PBXFileReference; includeInIndex = 1; lastKnownFileType = text.xcconfig; name = "Pods-UrlSessionPlaying.release.xcconfig"; path = "Target Support Files/Pods-UrlSessionPlaying/Pods-UrlSessionPlaying.release.xcconfig"; sourceTree = "<group>"; };
		EF47569F171C4D3F08960A03 /* Pods_UrlSessionPlaying.framework */ = {isa = PBXFileReference; explicitFileType = wrapper.framework; includeInIndex = 0; path = Pods_UrlSessionPlaying.framework; sourceTree = BUILT_PRODUCTS_DIR; };
/* End PBXFileReference section */

/* Begin PBXFrameworksBuildPhase section */
		9244E2EF287C32E8000C539E /* Frameworks */ = {
			isa = PBXFrameworksBuildPhase;
			buildActionMask = 2147483647;
			files = (
				451B1383A7B4CA04E764A2CE /* Pods_UrlSessionPlaying.framework in Frameworks */,
			);
			runOnlyForDeploymentPostprocessing = 0;
		};
/* End PBXFrameworksBuildPhase section */

/* Begin PBXGroup section */
		38216E19174A4156F8D6FE2A /* Frameworks */ = {
			isa = PBXGroup;
			children = (
				EF47569F171C4D3F08960A03 /* Pods_UrlSessionPlaying.framework */,
			);
			name = Frameworks;
			sourceTree = "<group>";
		};
		9244E2E9287C32E8000C539E = {
			isa = PBXGroup;
			children = (
				9244E2F4287C32E8000C539E /* UrlSessionPlaying */,
				9244E2F3287C32E8000C539E /* Products */,
				C334C2321B40889CDF1A517B /* Pods */,
				38216E19174A4156F8D6FE2A /* Frameworks */,
			);
			sourceTree = "<group>";
		};
		9244E2F3287C32E8000C539E /* Products */ = {
			isa = PBXGroup;
			children = (
				9244E2F2287C32E8000C539E /* UrlSessionPlaying.app */,
			);
			name = Products;
			sourceTree = "<group>";
		};
		9244E2F4287C32E8000C539E /* UrlSessionPlaying */ = {
			isa = PBXGroup;
			children = (
				9244E2F5287C32E8000C539E /* AppDelegate.swift */,
				9244E2F7287C32E8000C539E /* SceneDelegate.swift */,
				9244E2F9287C32E8000C539E /* ViewController.swift */,
				9244E2FB287C32E8000C539E /* Main.storyboard */,
				9244E2FE287C32EA000C539E /* Assets.xcassets */,
				9244E300287C32EA000C539E /* LaunchScreen.storyboard */,
				9244E303287C32EA000C539E /* Info.plist */,
				9254D6F128831DEE00C625D8 /* WayOne.swift */,
			);
			path = UrlSessionPlaying;
			sourceTree = "<group>";
		};
		C334C2321B40889CDF1A517B /* Pods */ = {
			isa = PBXGroup;
			children = (
				2BF66744D8FB743222FB3E45 /* Pods-UrlSessionPlaying.debug.xcconfig */,
				E54105B9073460ED8FBDD8F9 /* Pods-UrlSessionPlaying.release.xcconfig */,
			);
			path = Pods;
			sourceTree = "<group>";
		};
/* End PBXGroup section */

/* Begin PBXNativeTarget section */
		9244E2F1287C32E8000C539E /* UrlSessionPlaying */ = {
			isa = PBXNativeTarget;
			buildConfigurationList = 9244E306287C32EA000C539E /* Build configuration list for PBXNativeTarget "UrlSessionPlaying" */;
			buildPhases = (
				3DF7735BD80F4795856A2906 /* [CP] Check Pods Manifest.lock */,
				9244E2EE287C32E8000C539E /* Sources */,
				9244E2EF287C32E8000C539E /* Frameworks */,
				9244E2F0287C32E8000C539E /* Resources */,
				F52FA39B796C1D8E4990F735 /* [CP] Embed Pods Frameworks */,
			);
			buildRules = (
			);
			dependencies = (
			);
			name = UrlSessionPlaying;
			productName = UrlSessionPlaying;
			productReference = 9244E2F2287C32E8000C539E /* UrlSessionPlaying.app */;
			productType = "com.apple.product-type.application";
		};
/* End PBXNativeTarget section */

/* Begin PBXProject section */
		9244E2EA287C32E8000C539E /* Project object */ = {
			isa = PBXProject;
			attributes = {
				BuildIndependentTargetsInParallel = 1;
				LastSwiftUpdateCheck = 1330;
				LastUpgradeCheck = 1330;
				TargetAttributes = {
					9244E2F1287C32E8000C539E = {
						CreatedOnToolsVersion = 13.3;
					};
				};
			};
			buildConfigurationList = 9244E2ED287C32E8000C539E /* Build configuration list for PBXProject "UrlSessionPlaying" */;
			compatibilityVersion = "Xcode 13.0";
			developmentRegion = en;
			hasScannedForEncodings = 0;
			knownRegions = (
				en,
				Base,
			);
			mainGroup = 9244E2E9287C32E8000C539E;
			productRefGroup = 9244E2F3287C32E8000C539E /* Products */;
			projectDirPath = "";
			projectRoot = "";
			targets = (
				9244E2F1287C32E8000C539E /* UrlSessionPlaying */,
			);
		};
/* End PBXProject section */

/* Begin PBXResourcesBuildPhase section */
		9244E2F0287C32E8000C539E /* Resources */ = {
			isa = PBXResourcesBuildPhase;
			buildActionMask = 2147483647;
			files = (
				9244E302287C32EA000C539E /* LaunchScreen.storyboard in Resources */,
				9244E2FF287C32EA000C539E /* Assets.xcassets in Resources */,
				9244E2FD287C32E8000C539E /* Main.storyboard in Resources */,
			);
			runOnlyForDeploymentPostprocessing = 0;
		};
/* End PBXResourcesBuildPhase section */

/* Begin PBXShellScriptBuildPhase section */
		3DF7735BD80F4795856A2906 /* [CP] Check Pods Manifest.lock */ = {
			isa = PBXShellScriptBuildPhase;
			buildActionMask = 2147483647;
			files = (
			);
			inputFileListPaths = (
			);
			inputPaths = (
				"${PODS_PODFILE_DIR_PATH}/Podfile.lock",
				"${PODS_ROOT}/Manifest.lock",
			);
			name = "[CP] Check Pods Manifest.lock";
			outputFileListPaths = (
			);
			outputPaths = (
				"$(DERIVED_FILE_DIR)/Pods-UrlSessionPlaying-checkManifestLockResult.txt",
			);
			runOnlyForDeploymentPostprocessing = 0;
			shellPath = /bin/sh;
			shellScript = "diff \"${PODS_PODFILE_DIR_PATH}/Podfile.lock\" \"${PODS_ROOT}/Manifest.lock\" > /dev/null\nif [ $? != 0 ] ; then\n    # print error to STDERR\n    echo \"error: The sandbox is not in sync with the Podfile.lock. Run 'pod install' or update your CocoaPods installation.\" >&2\n    exit 1\nfi\n# This output is used by Xcode 'outputs' to avoid re-running this script phase.\necho \"SUCCESS\" > \"${SCRIPT_OUTPUT_FILE_0}\"\n";
			showEnvVarsInLog = 0;
		};
		F52FA39B796C1D8E4990F735 /* [CP] Embed Pods Frameworks */ = {
			isa = PBXShellScriptBuildPhase;
			buildActionMask = 2147483647;
			files = (
			);
			inputFileListPaths = (
				"${PODS_ROOT}/Target Support Files/Pods-UrlSessionPlaying/Pods-UrlSessionPlaying-frameworks-${CONFIGURATION}-input-files.xcfilelist",
			);
			name = "[CP] Embed Pods Frameworks";
			outputFileListPaths = (
				"${PODS_ROOT}/Target Support Files/Pods-UrlSessionPlaying/Pods-UrlSessionPlaying-frameworks-${CONFIGURATION}-output-files.xcfilelist",
			);
			runOnlyForDeploymentPostprocessing = 0;
			shellPath = /bin/sh;
			shellScript = "\"${PODS_ROOT}/Target Support Files/Pods-UrlSessionPlaying/Pods-UrlSessionPlaying-frameworks.sh\"\n";
			showEnvVarsInLog = 0;
		};
/* End PBXShellScriptBuildPhase section */

/* Begin PBXSourcesBuildPhase section */
		9244E2EE287C32E8000C539E /* Sources */ = {
			isa = PBXSourcesBuildPhase;
			buildActionMask = 2147483647;
			files = (
				9244E2FA287C32E8000C539E /* ViewController.swift in Sources */,
				9254D6F228831DEE00C625D8 /* WayOne.swift in Sources */,
				9244E2F6287C32E8000C539E /* AppDelegate.swift in Sources */,
				9244E2F8287C32E8000C539E /* SceneDelegate.swift in Sources */,
			);
			runOnlyForDeploymentPostprocessing = 0;
		};
/* End PBXSourcesBuildPhase section */

/* Begin PBXVariantGroup section */
		9244E2FB287C32E8000C539E /* Main.storyboard */ = {
			isa = PBXVariantGroup;
			children = (
				9244E2FC287C32E8000C539E /* Base */,
			);
			name = Main.storyboard;
			sourceTree = "<group>";
		};
		9244E300287C32EA000C539E /* LaunchScreen.storyboard */ = {
			isa = PBXVariantGroup;
			children = (
				9244E301287C32EA000C539E /* Base */,
			);
			name = LaunchScreen.storyboard;
			sourceTree = "<group>";
		};
/* End PBXVariantGroup section */

/* Begin XCBuildConfiguration section */
		9244E304287C32EA000C539E /* Debug */ = {
			isa = XCBuildConfiguration;
			buildSettings = {
				ALWAYS_SEARCH_USER_PATHS = NO;
				CLANG_ANALYZER_NONNULL = YES;
				CLANG_ANALYZER_NUMBER_OBJECT_CONVERSION = YES_AGGRESSIVE;
				CLANG_CXX_LANGUAGE_STANDARD = "gnu++17";
				CLANG_ENABLE_MODULES = YES;
				CLANG_ENABLE_OBJC_ARC = YES;
				CLANG_ENABLE_OBJC_WEAK = YES;
				CLANG_WARN_BLOCK_CAPTURE_AUTORELEASING = YES;
				CLANG_WARN_BOOL_CONVERSION = YES;
				CLANG_WARN_COMMA = YES;
				CLANG_WARN_CONSTANT_CONVERSION = YES;
				CLANG_WARN_DEPRECATED_OBJC_IMPLEMENTATIONS = YES;
				CLANG_WARN_DIRECT_OBJC_ISA_USAGE = YES_ERROR;
				CLANG_WARN_DOCUMENTATION_COMMENTS = YES;
				CLANG_WARN_EMPTY_BODY = YES;
				CLANG_WARN_ENUM_CONVERSION = YES;
				CLANG_WARN_INFINITE_RECURSION = YES;
				CLANG_WARN_INT_CONVERSION = YES;
				CLANG_WARN_NON_LITERAL_NULL_CONVERSION = YES;
				CLANG_WARN_OBJC_IMPLICIT_RETAIN_SELF = YES;
				CLANG_WARN_OBJC_LITERAL_CONVERSION = YES;
				CLANG_WARN_OBJC_ROOT_CLASS = YES_ERROR;
				CLANG_WARN_QUOTED_INCLUDE_IN_FRAMEWORK_HEADER = YES;
				CLANG_WARN_RANGE_LOOP_ANALYSIS = YES;
				CLANG_WARN_STRICT_PROTOTYPES = YES;
				CLANG_WARN_SUSPICIOUS_MOVE = YES;
				CLANG_WARN_UNGUARDED_AVAILABILITY = YES_AGGRESSIVE;
				CLANG_WARN_UNREACHABLE_CODE = YES;
				CLANG_WARN__DUPLICATE_METHOD_MATCH = YES;
				COPY_PHASE_STRIP = NO;
				DEBUG_INFORMATION_FORMAT = dwarf;
				ENABLE_STRICT_OBJC_MSGSEND = YES;
				ENABLE_TESTABILITY = YES;
				GCC_C_LANGUAGE_STANDARD = gnu11;
				GCC_DYNAMIC_NO_PIC = NO;
				GCC_NO_COMMON_BLOCKS = YES;
				GCC_OPTIMIZATION_LEVEL = 0;
				GCC_PREPROCESSOR_DEFINITIONS = (
					"DEBUG=1",
					"$(inherited)",
				);
				GCC_WARN_64_TO_32_BIT_CONVERSION = YES;
				GCC_WARN_ABOUT_RETURN_TYPE = YES_ERROR;
				GCC_WARN_UNDECLARED_SELECTOR = YES;
				GCC_WARN_UNINITIALIZED_AUTOS = YES_AGGRESSIVE;
				GCC_WARN_UNUSED_FUNCTION = YES;
				GCC_WARN_UNUSED_VARIABLE = YES;
				IPHONEOS_DEPLOYMENT_TARGET = 15.4;
				MTL_ENABLE_DEBUG_INFO = INCLUDE_SOURCE;
				MTL_FAST_MATH = YES;
				ONLY_ACTIVE_ARCH = YES;
				SDKROOT = iphoneos;
				SWIFT_ACTIVE_COMPILATION_CONDITIONS = DEBUG;
				SWIFT_OPTIMIZATION_LEVEL = "-Onone";
			};
			name = Debug;
		};
		9244E305287C32EA000C539E /* Release */ = {
			isa = XCBuildConfiguration;
			buildSettings = {
				ALWAYS_SEARCH_USER_PATHS = NO;
				CLANG_ANALYZER_NONNULL = YES;
				CLANG_ANALYZER_NUMBER_OBJECT_CONVERSION = YES_AGGRESSIVE;
				CLANG_CXX_LANGUAGE_STANDARD = "gnu++17";
				CLANG_ENABLE_MODULES = YES;
				CLANG_ENABLE_OBJC_ARC = YES;
				CLANG_ENABLE_OBJC_WEAK = YES;
				CLANG_WARN_BLOCK_CAPTURE_AUTORELEASING = YES;
				CLANG_WARN_BOOL_CONVERSION = YES;
				CLANG_WARN_COMMA = YES;
				CLANG_WARN_CONSTANT_CONVERSION = YES;
				CLANG_WARN_DEPRECATED_OBJC_IMPLEMENTATIONS = YES;
				CLANG_WARN_DIRECT_OBJC_ISA_USAGE = YES_ERROR;
				CLANG_WARN_DOCUMENTATION_COMMENTS = YES;
				CLANG_WARN_EMPTY_BODY = YES;
				CLANG_WARN_ENUM_CONVERSION = YES;
				CLANG_WARN_INFINITE_RECURSION = YES;
				CLANG_WARN_INT_CONVERSION = YES;
				CLANG_WARN_NON_LITERAL_NULL_CONVERSION = YES;
				CLANG_WARN_OBJC_IMPLICIT_RETAIN_SELF = YES;
				CLANG_WARN_OBJC_LITERAL_CONVERSION = YES;
				CLANG_WARN_OBJC_ROOT_CLASS = YES_ERROR;
				CLANG_WARN_QUOTED_INCLUDE_IN_FRAMEWORK_HEADER = YES;
				CLANG_WARN_RANGE_LOOP_ANALYSIS = YES;
				CLANG_WARN_STRICT_PROTOTYPES = YES;
				CLANG_WARN_SUSPICIOUS_MOVE = YES;
				CLANG_WARN_UNGUARDED_AVAILABILITY = YES_AGGRESSIVE;
				CLANG_WARN_UNREACHABLE_CODE = YES;
				CLANG_WARN__DUPLICATE_METHOD_MATCH = YES;
				COPY_PHASE_STRIP = NO;
				DEBUG_INFORMATION_FORMAT = "dwarf-with-dsym";
				ENABLE_NS_ASSERTIONS = NO;
				ENABLE_STRICT_OBJC_MSGSEND = YES;
				GCC_C_LANGUAGE_STANDARD = gnu11;
				GCC_NO_COMMON_BLOCKS = YES;
				GCC_WARN_64_TO_32_BIT_CONVERSION = YES;
				GCC_WARN_ABOUT_RETURN_TYPE = YES_ERROR;
				GCC_WARN_UNDECLARED_SELECTOR = YES;
				GCC_WARN_UNINITIALIZED_AUTOS = YES_AGGRESSIVE;
				GCC_WARN_UNUSED_FUNCTION = YES;
				GCC_WARN_UNUSED_VARIABLE = YES;
				IPHONEOS_DEPLOYMENT_TARGET = 15.4;
				MTL_ENABLE_DEBUG_INFO = NO;
				MTL_FAST_MATH = YES;
				SDKROOT = iphoneos;
				SWIFT_COMPILATION_MODE = wholemodule;
				SWIFT_OPTIMIZATION_LEVEL = "-O";
				VALIDATE_PRODUCT = YES;
			};
			name = Release;
		};
		9244E307287C32EA000C539E /* Debug */ = {
			isa = XCBuildConfiguration;
			baseConfigurationReference = 2BF66744D8FB743222FB3E45 /* Pods-UrlSessionPlaying.debug.xcconfig */;
			buildSettings = {
				ASSETCATALOG_COMPILER_APPICON_NAME = AppIcon;
				ASSETCATALOG_COMPILER_GLOBAL_ACCENT_COLOR_NAME = AccentColor;
				CODE_SIGN_STYLE = Automatic;
				CURRENT_PROJECT_VERSION = 1;
				GENERATE_INFOPLIST_FILE = YES;
				INFOPLIST_FILE = UrlSessionPlaying/Info.plist;
				INFOPLIST_KEY_UIApplicationSupportsIndirectInputEvents = YES;
				INFOPLIST_KEY_UILaunchStoryboardName = LaunchScreen;
				INFOPLIST_KEY_UIMainStoryboardFile = Main;
				INFOPLIST_KEY_UISupportedInterfaceOrientations_iPad = "UIInterfaceOrientationPortrait UIInterfaceOrientationPortraitUpsideDown UIInterfaceOrientationLandscapeLeft UIInterfaceOrientationLandscapeRight";
				INFOPLIST_KEY_UISupportedInterfaceOrientations_iPhone = "UIInterfaceOrientationPortrait UIInterfaceOrientationLandscapeLeft UIInterfaceOrientationLandscapeRight";
				LD_RUNPATH_SEARCH_PATHS = (
					"$(inherited)",
					"@executable_path/Frameworks",
				);
				MARKETING_VERSION = 1.0;
				PRODUCT_BUNDLE_IDENTIFIER = com.denisuncorner.UrlSessionPlaying.UrlSessionPlaying;
				PRODUCT_NAME = "$(TARGET_NAME)";
				SWIFT_EMIT_LOC_STRINGS = YES;
				SWIFT_VERSION = 5.0;
				TARGETED_DEVICE_FAMILY = "1,2";
			};
			name = Debug;
		};
		9244E308287C32EA000C539E /* Release */ = {
			isa = XCBuildConfiguration;
			baseConfigurationReference = E54105B9073460ED8FBDD8F9 /* Pods-UrlSessionPlaying.release.xcconfig */;
			buildSettings = {
				ASSETCATALOG_COMPILER_APPICON_NAME = AppIcon;
				ASSETCATALOG_COMPILER_GLOBAL_ACCENT_COLOR_NAME = AccentColor;
				CODE_SIGN_STYLE = Automatic;
				CURRENT_PROJECT_VERSION = 1;
				GENERATE_INFOPLIST_FILE = YES;
				INFOPLIST_FILE = UrlSessionPlaying/Info.plist;
				INFOPLIST_KEY_UIApplicationSupportsIndirectInputEvents = YES;
				INFOPLIST_KEY_UILaunchStoryboardName = LaunchScreen;
				INFOPLIST_KEY_UIMainStoryboardFile = Main;
				INFOPLIST_KEY_UISupportedInterfaceOrientations_iPad = "UIInterfaceOrientationPortrait UIInterfaceOrientationPortraitUpsideDown UIInterfaceOrientationLandscapeLeft UIInterfaceOrientationLandscapeRight";
				INFOPLIST_KEY_UISupportedInterfaceOrientations_iPhone = "UIInterfaceOrientationPortrait UIInterfaceOrientationLandscapeLeft UIInterfaceOrientationLandscapeRight";
				LD_RUNPATH_SEARCH_PATHS = (
					"$(inherited)",
					"@executable_path/Frameworks",
				);
				MARKETING_VERSION = 1.0;
				PRODUCT_BUNDLE_IDENTIFIER = com.denisuncorner.UrlSessionPlaying.UrlSessionPlaying;
				PRODUCT_NAME = "$(TARGET_NAME)";
				SWIFT_EMIT_LOC_STRINGS = YES;
				SWIFT_VERSION = 5.0;
				TARGETED_DEVICE_FAMILY = "1,2";
			};
			name = Release;
		};
/* End XCBuildConfiguration section */

/* Begin XCConfigurationList section */
		9244E2ED287C32E8000C539E /* Build configuration list for PBXProject "UrlSessionPlaying" */ = {
			isa = XCConfigurationList;
			buildConfigurations = (
				9244E304287C32EA000C539E /* Debug */,
				9244E305287C32EA000C539E /* Release */,
			);
			defaultConfigurationIsVisible = 0;
			defaultConfigurationName = Release;
		};
		9244E306287C32EA000C539E /* Build configuration list for PBXNativeTarget "UrlSessionPlaying" */ = {
			isa = XCConfigurationList;
			buildConfigurations = (
				9244E307287C32EA000C539E /* Debug */,
				9244E308287C32EA000C539E /* Release */,
			);
			defaultConfigurationIsVisible = 0;
			defaultConfigurationName = Release;
		};
/* End XCConfigurationList section */
	};
	rootObject = 9244E2EA287C32E8000C539E /* Project object */;
}
