// !$*UTF8*$!
{
	archiveVersion = 1;
	classes = {
	};
	objectVersion = 50;
	objects = {

/* Begin PBXBuildFile section */
		AA37569E25ACC22E00B3EB21 /* AppDelegate.swift in Sources */ = {isa = PBXBuildFile; fileRef = AA37569D25ACC22E00B3EB21 /* AppDelegate.swift */; };
		AA3756A025ACC22E00B3EB21 /* SceneDelegate.swift in Sources */ = {isa = PBXBuildFile; fileRef = AA37569F25ACC22E00B3EB21 /* SceneDelegate.swift */; };
		AA3756A525ACC22E00B3EB21 /* Main.storyboard in Resources */ = {isa = PBXBuildFile; fileRef = AA3756A325ACC22E00B3EB21 /* Main.storyboard */; };
		AA3756A725ACC22F00B3EB21 /* Assets.xcassets in Resources */ = {isa = PBXBuildFile; fileRef = AA3756A625ACC22F00B3EB21 /* Assets.xcassets */; };
		AA3756AA25ACC22F00B3EB21 /* LaunchScreen.storyboard in Resources */ = {isa = PBXBuildFile; fileRef = AA3756A825ACC22F00B3EB21 /* LaunchScreen.storyboard */; };
		AA3756B425ACCC4300B3EB21 /* MainViewController.swift in Sources */ = {isa = PBXBuildFile; fileRef = AA3756B325ACCC4300B3EB21 /* MainViewController.swift */; };
/* End PBXBuildFile section */

/* Begin PBXFileReference section */
		AA37569A25ACC22E00B3EB21 /* PlayWithKvoKvc.app */ = {isa = PBXFileReference; explicitFileType = wrapper.application; includeInIndex = 0; path = PlayWithKvoKvc.app; sourceTree = BUILT_PRODUCTS_DIR; };
		AA37569D25ACC22E00B3EB21 /* AppDelegate.swift */ = {isa = PBXFileReference; lastKnownFileType = sourcecode.swift; path = AppDelegate.swift; sourceTree = "<group>"; };
		AA37569F25ACC22E00B3EB21 /* SceneDelegate.swift */ = {isa = PBXFileReference; lastKnownFileType = sourcecode.swift; path = SceneDelegate.swift; sourceTree = "<group>"; };
		AA3756A425ACC22E00B3EB21 /* Base */ = {isa = PBXFileReference; lastKnownFileType = file.storyboard; name = Base; path = Base.lproj/Main.storyboard; sourceTree = "<group>"; };
		AA3756A625ACC22F00B3EB21 /* Assets.xcassets */ = {isa = PBXFileReference; lastKnownFileType = folder.assetcatalog; path = Assets.xcassets; sourceTree = "<group>"; };
		AA3756A925ACC22F00B3EB21 /* Base */ = {isa = PBXFileReference; lastKnownFileType = file.storyboard; name = Base; path = Base.lproj/LaunchScreen.storyboard; sourceTree = "<group>"; };
		AA3756AB25ACC22F00B3EB21 /* Info.plist */ = {isa = PBXFileReference; lastKnownFileType = text.plist.xml; path = Info.plist; sourceTree = "<group>"; };
		AA3756B325ACCC4300B3EB21 /* MainViewController.swift */ = {isa = PBXFileReference; lastKnownFileType = sourcecode.swift; path = MainViewController.swift; sourceTree = "<group>"; };
/* End PBXFileReference section */

/* Begin PBXFrameworksBuildPhase section */
		AA37569725ACC22E00B3EB21 /* Frameworks */ = {
			isa = PBXFrameworksBuildPhase;
			buildActionMask = 2147483647;
			files = (
			);
			runOnlyForDeploymentPostprocessing = 0;
		};
/* End PBXFrameworksBuildPhase section */

/* Begin PBXGroup section */
		AA37569125ACC22E00B3EB21 = {
			isa = PBXGroup;
			children = (
				AA37569C25ACC22E00B3EB21 /* PlayWithKvoKvc */,
				AA37569B25ACC22E00B3EB21 /* Products */,
			);
			sourceTree = "<group>";
		};
		AA37569B25ACC22E00B3EB21 /* Products */ = {
			isa = PBXGroup;
			children = (
				AA37569A25ACC22E00B3EB21 /* PlayWithKvoKvc.app */,
			);
			name = Products;
			sourceTree = "<group>";
		};
		AA37569C25ACC22E00B3EB21 /* PlayWithKvoKvc */ = {
			isa = PBXGroup;
			children = (
				AA37569D25ACC22E00B3EB21 /* AppDelegate.swift */,
				AA37569F25ACC22E00B3EB21 /* SceneDelegate.swift */,
				AA3756A325ACC22E00B3EB21 /* Main.storyboard */,
				AA3756A625ACC22F00B3EB21 /* Assets.xcassets */,
				AA3756A825ACC22F00B3EB21 /* LaunchScreen.storyboard */,
				AA3756AB25ACC22F00B3EB21 /* Info.plist */,
				AA3756B325ACCC4300B3EB21 /* MainViewController.swift */,
			);
			path = PlayWithKvoKvc;
			sourceTree = "<group>";
		};
/* End PBXGroup section */

/* Begin PBXNativeTarget section */
		AA37569925ACC22E00B3EB21 /* PlayWithKvoKvc */ = {
			isa = PBXNativeTarget;
			buildConfigurationList = AA3756AE25ACC22F00B3EB21 /* Build configuration list for PBXNativeTarget "PlayWithKvoKvc" */;
			buildPhases = (
				AA37569625ACC22E00B3EB21 /* Sources */,
				AA37569725ACC22E00B3EB21 /* Frameworks */,
				AA37569825ACC22E00B3EB21 /* Resources */,
			);
			buildRules = (
			);
			dependencies = (
			);
			name = PlayWithKvoKvc;
			productName = PlayWithKvoKvc;
			productReference = AA37569A25ACC22E00B3EB21 /* PlayWithKvoKvc.app */;
			productType = "com.apple.product-type.application";
		};
/* End PBXNativeTarget section */

/* Begin PBXProject section */
		AA37569225ACC22E00B3EB21 /* Project object */ = {
			isa = PBXProject;
			attributes = {
				LastSwiftUpdateCheck = 1230;
				LastUpgradeCheck = 1230;
				TargetAttributes = {
					AA37569925ACC22E00B3EB21 = {
						CreatedOnToolsVersion = 12.3;
					};
				};
			};
			buildConfigurationList = AA37569525ACC22E00B3EB21 /* Build configuration list for PBXProject "PlayWithKvoKvc" */;
			compatibilityVersion = "Xcode 9.3";
			developmentRegion = en;
			hasScannedForEncodings = 0;
			knownRegions = (
				en,
				Base,
			);
			mainGroup = AA37569125ACC22E00B3EB21;
			productRefGroup = AA37569B25ACC22E00B3EB21 /* Products */;
			projectDirPath = "";
			projectRoot = "";
			targets = (
				AA37569925ACC22E00B3EB21 /* PlayWithKvoKvc */,
			);
		};
/* End PBXProject section */

/* Begin PBXResourcesBuildPhase section */
		AA37569825ACC22E00B3EB21 /* Resources */ = {
			isa = PBXResourcesBuildPhase;
			buildActionMask = 2147483647;
			files = (
				AA3756AA25ACC22F00B3EB21 /* LaunchScreen.storyboard in Resources */,
				AA3756A725ACC22F00B3EB21 /* Assets.xcassets in Resources */,
				AA3756A525ACC22E00B3EB21 /* Main.storyboard in Resources */,
			);
			runOnlyForDeploymentPostprocessing = 0;
		};
/* End PBXResourcesBuildPhase section */

/* Begin PBXSourcesBuildPhase section */
		AA37569625ACC22E00B3EB21 /* Sources */ = {
			isa = PBXSourcesBuildPhase;
			buildActionMask = 2147483647;
			files = (
				AA3756B425ACCC4300B3EB21 /* MainViewController.swift in Sources */,
				AA37569E25ACC22E00B3EB21 /* AppDelegate.swift in Sources */,
				AA3756A025ACC22E00B3EB21 /* SceneDelegate.swift in Sources */,
			);
			runOnlyForDeploymentPostprocessing = 0;
		};
/* End PBXSourcesBuildPhase section */

/* Begin PBXVariantGroup section */
		AA3756A325ACC22E00B3EB21 /* Main.storyboard */ = {
			isa = PBXVariantGroup;
			children = (
				AA3756A425ACC22E00B3EB21 /* Base */,
			);
			name = Main.storyboard;
			sourceTree = "<group>";
		};
		AA3756A825ACC22F00B3EB21 /* LaunchScreen.storyboard */ = {
			isa = PBXVariantGroup;
			children = (
				AA3756A925ACC22F00B3EB21 /* Base */,
			);
			name = LaunchScreen.storyboard;
			sourceTree = "<group>";
		};
/* End PBXVariantGroup section */

/* Begin XCBuildConfiguration section */
		AA3756AC25ACC22F00B3EB21 /* Debug */ = {
			isa = XCBuildConfiguration;
			buildSettings = {
				ALWAYS_SEARCH_USER_PATHS = NO;
				CLANG_ANALYZER_NONNULL = YES;
				CLANG_ANALYZER_NUMBER_OBJECT_CONVERSION = YES_AGGRESSIVE;
				CLANG_CXX_LANGUAGE_STANDARD = "gnu++14";
				CLANG_CXX_LIBRARY = "libc++";
				CLANG_ENABLE_MODULES = YES;
				CLANG_ENABLE_OBJC_ARC = YES;
				CLANG_ENABLE_OBJC_WEAK = YES;
				CLANG_WARN_BLOCK_CAPTURE_AUTORELEASING = YES;
				CLANG_WARN_BOOL_CONVERSION = YES;
				CLANG_WARN_COMMA = YES;
				CLANG_WARN_CONSTANT_CONVERSION = YES;
				CLANG_WARN_DEPRECATED_OBJC_IMPLEMENTATIONS = YES;
				CLANG_WARN_DIRECT_OBJC_ISA_USAGE = YES_ERROR;
				CLANG_WARN_DOCUMENTATION_COMMENTS = YES;
				CLANG_WARN_EMPTY_BODY = YES;
				CLANG_WARN_ENUM_CONVERSION = YES;
				CLANG_WARN_INFINITE_RECURSION = YES;
				CLANG_WARN_INT_CONVERSION = YES;
				CLANG_WARN_NON_LITERAL_NULL_CONVERSION = YES;
				CLANG_WARN_OBJC_IMPLICIT_RETAIN_SELF = YES;
				CLANG_WARN_OBJC_LITERAL_CONVERSION = YES;
				CLANG_WARN_OBJC_ROOT_CLASS = YES_ERROR;
				CLANG_WARN_QUOTED_INCLUDE_IN_FRAMEWORK_HEADER = YES;
				CLANG_WARN_RANGE_LOOP_ANALYSIS = YES;
				CLANG_WARN_STRICT_PROTOTYPES = YES;
				CLANG_WARN_SUSPICIOUS_MOVE = YES;
				CLANG_WARN_UNGUARDED_AVAILABILITY = YES_AGGRESSIVE;
				CLANG_WARN_UNREACHABLE_CODE = YES;
				CLANG_WARN__DUPLICATE_METHOD_MATCH = YES;
				COPY_PHASE_STRIP = NO;
				DEBUG_INFORMATION_FORMAT = dwarf;
				ENABLE_STRICT_OBJC_MSGSEND = YES;
				ENABLE_TESTABILITY = YES;
				GCC_C_LANGUAGE_STANDARD = gnu11;
				GCC_DYNAMIC_NO_PIC = NO;
				GCC_NO_COMMON_BLOCKS = YES;
				GCC_OPTIMIZATION_LEVEL = 0;
				GCC_PREPROCESSOR_DEFINITIONS = (
					"DEBUG=1",
					"$(inherited)",
				);
				GCC_WARN_64_TO_32_BIT_CONVERSION = YES;
				GCC_WARN_ABOUT_RETURN_TYPE = YES_ERROR;
				GCC_WARN_UNDECLARED_SELECTOR = YES;
				GCC_WARN_UNINITIALIZED_AUTOS = YES_AGGRESSIVE;
				GCC_WARN_UNUSED_FUNCTION = YES;
				GCC_WARN_UNUSED_VARIABLE = YES;
				IPHONEOS_DEPLOYMENT_TARGET = 14.3;
				MTL_ENABLE_DEBUG_INFO = INCLUDE_SOURCE;
				MTL_FAST_MATH = YES;
				ONLY_ACTIVE_ARCH = YES;
				SDKROOT = iphoneos;
				SWIFT_ACTIVE_COMPILATION_CONDITIONS = DEBUG;
				SWIFT_OPTIMIZATION_LEVEL = "-Onone";
			};
			name = Debug;
		};
		AA3756AD25ACC22F00B3EB21 /* Release */ = {
			isa = XCBuildConfiguration;
			buildSettings = {
				ALWAYS_SEARCH_USER_PATHS = NO;
				CLANG_ANALYZER_NONNULL = YES;
				CLANG_ANALYZER_NUMBER_OBJECT_CONVERSION = YES_AGGRESSIVE;
				CLANG_CXX_LANGUAGE_STANDARD = "gnu++14";
				CLANG_CXX_LIBRARY = "libc++";
				CLANG_ENABLE_MODULES = YES;
				CLANG_ENABLE_OBJC_ARC = YES;
				CLANG_ENABLE_OBJC_WEAK = YES;
				CLANG_WARN_BLOCK_CAPTURE_AUTORELEASING = YES;
				CLANG_WARN_BOOL_CONVERSION = YES;
				CLANG_WARN_COMMA = YES;
				CLANG_WARN_CONSTANT_CONVERSION = YES;
				CLANG_WARN_DEPRECATED_OBJC_IMPLEMENTATIONS = YES;
				CLANG_WARN_DIRECT_OBJC_ISA_USAGE = YES_ERROR;
				CLANG_WARN_DOCUMENTATION_COMMENTS = YES;
				CLANG_WARN_EMPTY_BODY = YES;
				CLANG_WARN_ENUM_CONVERSION = YES;
				CLANG_WARN_INFINITE_RECURSION = YES;
				CLANG_WARN_INT_CONVERSION = YES;
				CLANG_WARN_NON_LITERAL_NULL_CONVERSION = YES;
				CLANG_WARN_OBJC_IMPLICIT_RETAIN_SELF = YES;
				CLANG_WARN_OBJC_LITERAL_CONVERSION = YES;
				CLANG_WARN_OBJC_ROOT_CLASS = YES_ERROR;
				CLANG_WARN_QUOTED_INCLUDE_IN_FRAMEWORK_HEADER = YES;
				CLANG_WARN_RANGE_LOOP_ANALYSIS = YES;
				CLANG_WARN_STRICT_PROTOTYPES = YES;
				CLANG_WARN_SUSPICIOUS_MOVE = YES;
				CLANG_WARN_UNGUARDED_AVAILABILITY = YES_AGGRESSIVE;
				CLANG_WARN_UNREACHABLE_CODE = YES;
				CLANG_WARN__DUPLICATE_METHOD_MATCH = YES;
				COPY_PHASE_STRIP = NO;
				DEBUG_INFORMATION_FORMAT = "dwarf-with-dsym";
				ENABLE_NS_ASSERTIONS = NO;
				ENABLE_STRICT_OBJC_MSGSEND = YES;
				GCC_C_LANGUAGE_STANDARD = gnu11;
				GCC_NO_COMMON_BLOCKS = YES;
				GCC_WARN_64_TO_32_BIT_CONVERSION = YES;
				GCC_WARN_ABOUT_RETURN_TYPE = YES_ERROR;
				GCC_WARN_UNDECLARED_SELECTOR = YES;
				GCC_WARN_UNINITIALIZED_AUTOS = YES_AGGRESSIVE;
				GCC_WARN_UNUSED_FUNCTION = YES;
				GCC_WARN_UNUSED_VARIABLE = YES;
				IPHONEOS_DEPLOYMENT_TARGET = 14.3;
				MTL_ENABLE_DEBUG_INFO = NO;
				MTL_FAST_MATH = YES;
				SDKROOT = iphoneos;
				SWIFT_COMPILATION_MODE = wholemodule;
				SWIFT_OPTIMIZATION_LEVEL = "-O";
				VALIDATE_PRODUCT = YES;
			};
			name = Release;
		};
		AA3756AF25ACC22F00B3EB21 /* Debug */ = {
			isa = XCBuildConfiguration;
			buildSettings = {
				ASSETCATALOG_COMPILER_APPICON_NAME = AppIcon;
				ASSETCATALOG_COMPILER_GLOBAL_ACCENT_COLOR_NAME = AccentColor;
				CODE_SIGN_STYLE = Automatic;
				INFOPLIST_FILE = PlayWithKvoKvc/Info.plist;
				LD_RUNPATH_SEARCH_PATHS = (
					"$(inherited)",
					"@executable_path/Frameworks",
				);
				PRODUCT_BUNDLE_IDENTIFIER = com.uncorner.dev.PlayWithKvoKvc;
				PRODUCT_NAME = "$(TARGET_NAME)";
				SWIFT_VERSION = 5.0;
				TARGETED_DEVICE_FAMILY = "1,2";
			};
			name = Debug;
		};
		AA3756B025ACC22F00B3EB21 /* Release */ = {
			isa = XCBuildConfiguration;
			buildSettings = {
				ASSETCATALOG_COMPILER_APPICON_NAME = AppIcon;
				ASSETCATALOG_COMPILER_GLOBAL_ACCENT_COLOR_NAME = AccentColor;
				CODE_SIGN_STYLE = Automatic;
				INFOPLIST_FILE = PlayWithKvoKvc/Info.plist;
				LD_RUNPATH_SEARCH_PATHS = (
					"$(inherited)",
					"@executable_path/Frameworks",
				);
				PRODUCT_BUNDLE_IDENTIFIER = com.uncorner.dev.PlayWithKvoKvc;
				PRODUCT_NAME = "$(TARGET_NAME)";
				SWIFT_VERSION = 5.0;
				TARGETED_DEVICE_FAMILY = "1,2";
			};
			name = Release;
		};
/* End XCBuildConfiguration section */

/* Begin XCConfigurationList section */
		AA37569525ACC22E00B3EB21 /* Build configuration list for PBXProject "PlayWithKvoKvc" */ = {
			isa = XCConfigurationList;
			buildConfigurations = (
				AA3756AC25ACC22F00B3EB21 /* Debug */,
				AA3756AD25ACC22F00B3EB21 /* Release */,
			);
			defaultConfigurationIsVisible = 0;
			defaultConfigurationName = Release;
		};
		AA3756AE25ACC22F00B3EB21 /* Build configuration list for PBXNativeTarget "PlayWithKvoKvc" */ = {
			isa = XCConfigurationList;
			buildConfigurations = (
				AA3756AF25ACC22F00B3EB21 /* Debug */,
				AA3756B025ACC22F00B3EB21 /* Release */,
			);
			defaultConfigurationIsVisible = 0;
			defaultConfigurationName = Release;
		};
/* End XCConfigurationList section */
	};
	rootObject = AA37569225ACC22E00B3EB21 /* Project object */;
}
