// !$*UTF8*$!
{
	archiveVersion = 1;
	classes = {
	};
	objectVersion = 50;
	objects = {

/* Begin PBXBuildFile section */
		921F8954241BCF6500857293 /* AppDelegate.swift in Sources */ = {isa = PBXBuildFile; fileRef = 921F8953241BCF6500857293 /* AppDelegate.swift */; };
		921F8956241BCF6500857293 /* SceneDelegate.swift in Sources */ = {isa = PBXBuildFile; fileRef = 921F8955241BCF6500857293 /* SceneDelegate.swift */; };
		921F8958241BCF6500857293 /* ContentView.swift in Sources */ = {isa = PBXBuildFile; fileRef = 921F8957241BCF6500857293 /* ContentView.swift */; };
		921F895A241BCF6A00857293 /* Assets.xcassets in Resources */ = {isa = PBXBuildFile; fileRef = 921F8959241BCF6A00857293 /* Assets.xcassets */; };
		921F895D241BCF6A00857293 /* Preview Assets.xcassets in Resources */ = {isa = PBXBuildFile; fileRef = 921F895C241BCF6A00857293 /* Preview Assets.xcassets */; };
		921F8960241BCF6A00857293 /* LaunchScreen.storyboard in Resources */ = {isa = PBXBuildFile; fileRef = 921F895E241BCF6A00857293 /* LaunchScreen.storyboard */; };
		9247D73F241C02C90008E8DA /* Tutor.xcassets in Resources */ = {isa = PBXBuildFile; fileRef = 9247D73E241C02C90008E8DA /* Tutor.xcassets */; };
		9247D741241C02EA0008E8DA /* Tutor.swift in Sources */ = {isa = PBXBuildFile; fileRef = 9247D740241C02EA0008E8DA /* Tutor.swift */; };
		92B30921241CFB740067E2EE /* TutorDetail.swift in Sources */ = {isa = PBXBuildFile; fileRef = 92B30920241CFB740067E2EE /* TutorDetail.swift */; };
/* End PBXBuildFile section */

/* Begin PBXFileReference section */
		921F8950241BCF6500857293 /* TableBasedApp.app */ = {isa = PBXFileReference; explicitFileType = wrapper.application; includeInIndex = 0; path = TableBasedApp.app; sourceTree = BUILT_PRODUCTS_DIR; };
		921F8953241BCF6500857293 /* AppDelegate.swift */ = {isa = PBXFileReference; lastKnownFileType = sourcecode.swift; path = AppDelegate.swift; sourceTree = "<group>"; };
		921F8955241BCF6500857293 /* SceneDelegate.swift */ = {isa = PBXFileReference; lastKnownFileType = sourcecode.swift; path = SceneDelegate.swift; sourceTree = "<group>"; };
		921F8957241BCF6500857293 /* ContentView.swift */ = {isa = PBXFileReference; lastKnownFileType = sourcecode.swift; path = ContentView.swift; sourceTree = "<group>"; };
		921F8959241BCF6A00857293 /* Assets.xcassets */ = {isa = PBXFileReference; lastKnownFileType = folder.assetcatalog; path = Assets.xcassets; sourceTree = "<group>"; };
		921F895C241BCF6A00857293 /* Preview Assets.xcassets */ = {isa = PBXFileReference; lastKnownFileType = folder.assetcatalog; path = "Preview Assets.xcassets"; sourceTree = "<group>"; };
		921F895F241BCF6A00857293 /* Base */ = {isa = PBXFileReference; lastKnownFileType = file.storyboard; name = Base; path = Base.lproj/LaunchScreen.storyboard; sourceTree = "<group>"; };
		921F8961241BCF6A00857293 /* Info.plist */ = {isa = PBXFileReference; lastKnownFileType = text.plist.xml; path = Info.plist; sourceTree = "<group>"; };
		9247D73E241C02C90008E8DA /* Tutor.xcassets */ = {isa = PBXFileReference; lastKnownFileType = folder.assetcatalog; name = Tutor.xcassets; path = Resources/Tutor.xcassets; sourceTree = "<group>"; };
		9247D740241C02EA0008E8DA /* Tutor.swift */ = {isa = PBXFileReference; fileEncoding = 4; lastKnownFileType = sourcecode.swift; name = Tutor.swift; path = Resources/Tutor.swift; sourceTree = "<group>"; };
		92B30920241CFB740067E2EE /* TutorDetail.swift */ = {isa = PBXFileReference; lastKnownFileType = sourcecode.swift; path = TutorDetail.swift; sourceTree = "<group>"; };
/* End PBXFileReference section */

/* Begin PBXFrameworksBuildPhase section */
		921F894D241BCF6500857293 /* Frameworks */ = {
			isa = PBXFrameworksBuildPhase;
			buildActionMask = 2147483647;
			files = (
			);
			runOnlyForDeploymentPostprocessing = 0;
		};
/* End PBXFrameworksBuildPhase section */

/* Begin PBXGroup section */
		921F8947241BCF6500857293 = {
			isa = PBXGroup;
			children = (
				921F8952241BCF6500857293 /* TableBasedApp */,
				921F8951241BCF6500857293 /* Products */,
			);
			sourceTree = "<group>";
		};
		921F8951241BCF6500857293 /* Products */ = {
			isa = PBXGroup;
			children = (
				921F8950241BCF6500857293 /* TableBasedApp.app */,
			);
			name = Products;
			sourceTree = "<group>";
		};
		921F8952241BCF6500857293 /* TableBasedApp */ = {
			isa = PBXGroup;
			children = (
				921F8953241BCF6500857293 /* AppDelegate.swift */,
				921F8955241BCF6500857293 /* SceneDelegate.swift */,
				921F8957241BCF6500857293 /* ContentView.swift */,
				92B30920241CFB740067E2EE /* TutorDetail.swift */,
				921F8959241BCF6A00857293 /* Assets.xcassets */,
				921F895E241BCF6A00857293 /* LaunchScreen.storyboard */,
				9247D73E241C02C90008E8DA /* Tutor.xcassets */,
				9247D740241C02EA0008E8DA /* Tutor.swift */,
				921F8961241BCF6A00857293 /* Info.plist */,
				921F895B241BCF6A00857293 /* Preview Content */,
			);
			path = TableBasedApp;
			sourceTree = "<group>";
		};
		921F895B241BCF6A00857293 /* Preview Content */ = {
			isa = PBXGroup;
			children = (
				921F895C241BCF6A00857293 /* Preview Assets.xcassets */,
			);
			path = "Preview Content";
			sourceTree = "<group>";
		};
/* End PBXGroup section */

/* Begin PBXNativeTarget section */
		921F894F241BCF6500857293 /* TableBasedApp */ = {
			isa = PBXNativeTarget;
			buildConfigurationList = 921F8964241BCF6A00857293 /* Build configuration list for PBXNativeTarget "TableBasedApp" */;
			buildPhases = (
				921F894C241BCF6500857293 /* Sources */,
				921F894D241BCF6500857293 /* Frameworks */,
				921F894E241BCF6500857293 /* Resources */,
			);
			buildRules = (
			);
			dependencies = (
			);
			name = TableBasedApp;
			productName = TableBasedApp;
			productReference = 921F8950241BCF6500857293 /* TableBasedApp.app */;
			productType = "com.apple.product-type.application";
		};
/* End PBXNativeTarget section */

/* Begin PBXProject section */
		921F8948241BCF6500857293 /* Project object */ = {
			isa = PBXProject;
			attributes = {
				LastSwiftUpdateCheck = 1120;
				LastUpgradeCheck = 1120;
				ORGANIZATIONNAME = denis;
				TargetAttributes = {
					921F894F241BCF6500857293 = {
						CreatedOnToolsVersion = 11.2.1;
					};
				};
			};
			buildConfigurationList = 921F894B241BCF6500857293 /* Build configuration list for PBXProject "TableBasedApp" */;
			compatibilityVersion = "Xcode 9.3";
			developmentRegion = en;
			hasScannedForEncodings = 0;
			knownRegions = (
				en,
				Base,
			);
			mainGroup = 921F8947241BCF6500857293;
			productRefGroup = 921F8951241BCF6500857293 /* Products */;
			projectDirPath = "";
			projectRoot = "";
			targets = (
				921F894F241BCF6500857293 /* TableBasedApp */,
			);
		};
/* End PBXProject section */

/* Begin PBXResourcesBuildPhase section */
		921F894E241BCF6500857293 /* Resources */ = {
			isa = PBXResourcesBuildPhase;
			buildActionMask = 2147483647;
			files = (
				9247D73F241C02C90008E8DA /* Tutor.xcassets in Resources */,
				921F8960241BCF6A00857293 /* LaunchScreen.storyboard in Resources */,
				921F895D241BCF6A00857293 /* Preview Assets.xcassets in Resources */,
				921F895A241BCF6A00857293 /* Assets.xcassets in Resources */,
			);
			runOnlyForDeploymentPostprocessing = 0;
		};
/* End PBXResourcesBuildPhase section */

/* Begin PBXSourcesBuildPhase section */
		921F894C241BCF6500857293 /* Sources */ = {
			isa = PBXSourcesBuildPhase;
			buildActionMask = 2147483647;
			files = (
				9247D741241C02EA0008E8DA /* Tutor.swift in Sources */,
				92B30921241CFB740067E2EE /* TutorDetail.swift in Sources */,
				921F8954241BCF6500857293 /* AppDelegate.swift in Sources */,
				921F8956241BCF6500857293 /* SceneDelegate.swift in Sources */,
				921F8958241BCF6500857293 /* ContentView.swift in Sources */,
			);
			runOnlyForDeploymentPostprocessing = 0;
		};
/* End PBXSourcesBuildPhase section */

/* Begin PBXVariantGroup section */
		921F895E241BCF6A00857293 /* LaunchScreen.storyboard */ = {
			isa = PBXVariantGroup;
			children = (
				921F895F241BCF6A00857293 /* Base */,
			);
			name = LaunchScreen.storyboard;
			sourceTree = "<group>";
		};
/* End PBXVariantGroup section */

/* Begin XCBuildConfiguration section */
		921F8962241BCF6A00857293 /* Debug */ = {
			isa = XCBuildConfiguration;
			buildSettings = {
				ALWAYS_SEARCH_USER_PATHS = NO;
				CLANG_ANALYZER_NONNULL = YES;
				CLANG_ANALYZER_NUMBER_OBJECT_CONVERSION = YES_AGGRESSIVE;
				CLANG_CXX_LANGUAGE_STANDARD = "gnu++14";
				CLANG_CXX_LIBRARY = "libc++";
				CLANG_ENABLE_MODULES = YES;
				CLANG_ENABLE_OBJC_ARC = YES;
				CLANG_ENABLE_OBJC_WEAK = YES;
				CLANG_WARN_BLOCK_CAPTURE_AUTORELEASING = YES;
				CLANG_WARN_BOOL_CONVERSION = YES;
				CLANG_WARN_COMMA = YES;
				CLANG_WARN_CONSTANT_CONVERSION = YES;
				CLANG_WARN_DEPRECATED_OBJC_IMPLEMENTATIONS = YES;
				CLANG_WARN_DIRECT_OBJC_ISA_USAGE = YES_ERROR;
				CLANG_WARN_DOCUMENTATION_COMMENTS = YES;
				CLANG_WARN_EMPTY_BODY = YES;
				CLANG_WARN_ENUM_CONVERSION = YES;
				CLANG_WARN_INFINITE_RECURSION = YES;
				CLANG_WARN_INT_CONVERSION = YES;
				CLANG_WARN_NON_LITERAL_NULL_CONVERSION = YES;
				CLANG_WARN_OBJC_IMPLICIT_RETAIN_SELF = YES;
				CLANG_WARN_OBJC_LITERAL_CONVERSION = YES;
				CLANG_WARN_OBJC_ROOT_CLASS = YES_ERROR;
				CLANG_WARN_RANGE_LOOP_ANALYSIS = YES;
				CLANG_WARN_STRICT_PROTOTYPES = YES;
				CLANG_WARN_SUSPICIOUS_MOVE = YES;
				CLANG_WARN_UNGUARDED_AVAILABILITY = YES_AGGRESSIVE;
				CLANG_WARN_UNREACHABLE_CODE = YES;
				CLANG_WARN__DUPLICATE_METHOD_MATCH = YES;
				COPY_PHASE_STRIP = NO;
				DEBUG_INFORMATION_FORMAT = dwarf;
				ENABLE_STRICT_OBJC_MSGSEND = YES;
				ENABLE_TESTABILITY = YES;
				GCC_C_LANGUAGE_STANDARD = gnu11;
				GCC_DYNAMIC_NO_PIC = NO;
				GCC_NO_COMMON_BLOCKS = YES;
				GCC_OPTIMIZATION_LEVEL = 0;
				GCC_PREPROCESSOR_DEFINITIONS = (
					"DEBUG=1",
					"$(inherited)",
				);
				GCC_WARN_64_TO_32_BIT_CONVERSION = YES;
				GCC_WARN_ABOUT_RETURN_TYPE = YES_ERROR;
				GCC_WARN_UNDECLARED_SELECTOR = YES;
				GCC_WARN_UNINITIALIZED_AUTOS = YES_AGGRESSIVE;
				GCC_WARN_UNUSED_FUNCTION = YES;
				GCC_WARN_UNUSED_VARIABLE = YES;
				IPHONEOS_DEPLOYMENT_TARGET = 13.2;
				MTL_ENABLE_DEBUG_INFO = INCLUDE_SOURCE;
				MTL_FAST_MATH = YES;
				ONLY_ACTIVE_ARCH = YES;
				SDKROOT = iphoneos;
				SWIFT_ACTIVE_COMPILATION_CONDITIONS = DEBUG;
				SWIFT_OPTIMIZATION_LEVEL = "-Onone";
			};
			name = Debug;
		};
		921F8963241BCF6A00857293 /* Release */ = {
			isa = XCBuildConfiguration;
			buildSettings = {
				ALWAYS_SEARCH_USER_PATHS = NO;
				CLANG_ANALYZER_NONNULL = YES;
				CLANG_ANALYZER_NUMBER_OBJECT_CONVERSION = YES_AGGRESSIVE;
				CLANG_CXX_LANGUAGE_STANDARD = "gnu++14";
				CLANG_CXX_LIBRARY = "libc++";
				CLANG_ENABLE_MODULES = YES;
				CLANG_ENABLE_OBJC_ARC = YES;
				CLANG_ENABLE_OBJC_WEAK = YES;
				CLANG_WARN_BLOCK_CAPTURE_AUTORELEASING = YES;
				CLANG_WARN_BOOL_CONVERSION = YES;
				CLANG_WARN_COMMA = YES;
				CLANG_WARN_CONSTANT_CONVERSION = YES;
				CLANG_WARN_DEPRECATED_OBJC_IMPLEMENTATIONS = YES;
				CLANG_WARN_DIRECT_OBJC_ISA_USAGE = YES_ERROR;
				CLANG_WARN_DOCUMENTATION_COMMENTS = YES;
				CLANG_WARN_EMPTY_BODY = YES;
				CLANG_WARN_ENUM_CONVERSION = YES;
				CLANG_WARN_INFINITE_RECURSION = YES;
				CLANG_WARN_INT_CONVERSION = YES;
				CLANG_WARN_NON_LITERAL_NULL_CONVERSION = YES;
				CLANG_WARN_OBJC_IMPLICIT_RETAIN_SELF = YES;
				CLANG_WARN_OBJC_LITERAL_CONVERSION = YES;
				CLANG_WARN_OBJC_ROOT_CLASS = YES_ERROR;
				CLANG_WARN_RANGE_LOOP_ANALYSIS = YES;
				CLANG_WARN_STRICT_PROTOTYPES = YES;
				CLANG_WARN_SUSPICIOUS_MOVE = YES;
				CLANG_WARN_UNGUARDED_AVAILABILITY = YES_AGGRESSIVE;
				CLANG_WARN_UNREACHABLE_CODE = YES;
				CLANG_WARN__DUPLICATE_METHOD_MATCH = YES;
				COPY_PHASE_STRIP = NO;
				DEBUG_INFORMATION_FORMAT = "dwarf-with-dsym";
				ENABLE_NS_ASSERTIONS = NO;
				ENABLE_STRICT_OBJC_MSGSEND = YES;
				GCC_C_LANGUAGE_STANDARD = gnu11;
				GCC_NO_COMMON_BLOCKS = YES;
				GCC_WARN_64_TO_32_BIT_CONVERSION = YES;
				GCC_WARN_ABOUT_RETURN_TYPE = YES_ERROR;
				GCC_WARN_UNDECLARED_SELECTOR = YES;
				GCC_WARN_UNINITIALIZED_AUTOS = YES_AGGRESSIVE;
				GCC_WARN_UNUSED_FUNCTION = YES;
				GCC_WARN_UNUSED_VARIABLE = YES;
				IPHONEOS_DEPLOYMENT_TARGET = 13.2;
				MTL_ENABLE_DEBUG_INFO = NO;
				MTL_FAST_MATH = YES;
				SDKROOT = iphoneos;
				SWIFT_COMPILATION_MODE = wholemodule;
				SWIFT_OPTIMIZATION_LEVEL = "-O";
				VALIDATE_PRODUCT = YES;
			};
			name = Release;
		};
		921F8965241BCF6A00857293 /* Debug */ = {
			isa = XCBuildConfiguration;
			buildSettings = {
				ASSETCATALOG_COMPILER_APPICON_NAME = AppIcon;
				CODE_SIGN_STYLE = Automatic;
				DEVELOPMENT_ASSET_PATHS = "\"TableBasedApp/Preview Content\"";
				ENABLE_PREVIEWS = YES;
				INFOPLIST_FILE = TableBasedApp/Info.plist;
				LD_RUNPATH_SEARCH_PATHS = (
					"$(inherited)",
					"@executable_path/Frameworks",
				);
				PRODUCT_BUNDLE_IDENTIFIER = com.denis.TableBasedApp;
				PRODUCT_NAME = "$(TARGET_NAME)";
				SWIFT_VERSION = 5.0;
				TARGETED_DEVICE_FAMILY = "1,2";
			};
			name = Debug;
		};
		921F8966241BCF6A00857293 /* Release */ = {
			isa = XCBuildConfiguration;
			buildSettings = {
				ASSETCATALOG_COMPILER_APPICON_NAME = AppIcon;
				CODE_SIGN_STYLE = Automatic;
				DEVELOPMENT_ASSET_PATHS = "\"TableBasedApp/Preview Content\"";
				ENABLE_PREVIEWS = YES;
				INFOPLIST_FILE = TableBasedApp/Info.plist;
				LD_RUNPATH_SEARCH_PATHS = (
					"$(inherited)",
					"@executable_path/Frameworks",
				);
				PRODUCT_BUNDLE_IDENTIFIER = com.denis.TableBasedApp;
				PRODUCT_NAME = "$(TARGET_NAME)";
				SWIFT_VERSION = 5.0;
				TARGETED_DEVICE_FAMILY = "1,2";
			};
			name = Release;
		};
/* End XCBuildConfiguration section */

/* Begin XCConfigurationList section */
		921F894B241BCF6500857293 /* Build configuration list for PBXProject "TableBasedApp" */ = {
			isa = XCConfigurationList;
			buildConfigurations = (
				921F8962241BCF6A00857293 /* Debug */,
				921F8963241BCF6A00857293 /* Release */,
			);
			defaultConfigurationIsVisible = 0;
			defaultConfigurationName = Release;
		};
		921F8964241BCF6A00857293 /* Build configuration list for PBXNativeTarget "TableBasedApp" */ = {
			isa = XCConfigurationList;
			buildConfigurations = (
				921F8965241BCF6A00857293 /* Debug */,
				921F8966241BCF6A00857293 /* Release */,
			);
			defaultConfigurationIsVisible = 0;
			defaultConfigurationName = Release;
		};
/* End XCConfigurationList section */
	};
	rootObject = 921F8948241BCF6500857293 /* Project object */;
}
